
Microsoft Visual Studio Solution File, Format Version 12.00
# Visual Studio Version 17
VisualStudioVersion = 17.8.34525.116
MinimumVisualStudioVersion = 10.0.40219.1
Project("{FAE04EC0-301F-11D3-BF4B-00C04F79EFBC}") = "BookStoreApp", "BookStoreApp\BookStoreApp.csproj", "{221203AB-340E-42F1-805E-045E51139A70}"
EndProject
Project("{FAE04EC0-301F-11D3-BF4B-00C04F79EFBC}") = "ServicesLayer", "ServicesLayer\ServicesLayer.csproj", "{C9336AC2-959B-48E1-A0C7-B0894580EB83}"
EndProject
Project("{FAE04EC0-301F-11D3-BF4B-00C04F79EFBC}") = "DALayer", "DALayer\DALayer.csproj", "{3D3C66A1-2862-42C0-A274-3DFFB9107E7B}"
EndProject
Project("{FAE04EC0-301F-11D3-BF4B-00C04F79EFBC}") = "Entities", "Entities\Entities.csproj", "{C8652A98-15B5-43B9-B653-A03E4903AA8E}"
EndProject
Global
	GlobalSection(SolutionConfigurationPlatforms) = preSolution
		Debug|Any CPU = Debug|Any CPU
		Release|Any CPU = Release|Any CPU
	EndGlobalSection
	GlobalSection(ProjectConfigurationPlatforms) = postSolution
		{221203AB-340E-42F1-805E-045E51139A70}.Debug|Any CPU.ActiveCfg = Debug|Any CPU
		{221203AB-340E-42F1-805E-045E51139A70}.Debug|Any CPU.Build.0 = Debug|Any CPU
		{221203AB-340E-42F1-805E-045E51139A70}.Release|Any CPU.ActiveCfg = Release|Any CPU
		{221203AB-340E-42F1-805E-045E51139A70}.Release|Any CPU.Build.0 = Release|Any CPU
		{C9336AC2-959B-48E1-A0C7-B0894580EB83}.Debug|Any CPU.ActiveCfg = Debug|Any CPU
		{C9336AC2-959B-48E1-A0C7-B0894580EB83}.Debug|Any CPU.Build.0 = Debug|Any CPU
		{C9336AC2-959B-48E1-A0C7-B0894580EB83}.Release|Any CPU.ActiveCfg = Release|Any CPU
		{C9336AC2-959B-48E1-A0C7-B0894580EB83}.Release|Any CPU.Build.0 = Release|Any CPU
		{3D3C66A1-2862-42C0-A274-3DFFB9107E7B}.Debug|Any CPU.ActiveCfg = Debug|Any CPU
		{3D3C66A1-2862-42C0-A274-3DFFB9107E7B}.Debug|Any CPU.Build.0 = Debug|Any CPU
		{3D3C66A1-2862-42C0-A274-3DFFB9107E7B}.Release|Any CPU.ActiveCfg = Release|Any CPU
		{3D3C66A1-2862-42C0-A274-3DFFB9107E7B}.Release|Any CPU.Build.0 = Release|Any CPU
		{C8652A98-15B5-43B9-B653-A03E4903AA8E}.Debug|Any CPU.ActiveCfg = Debug|Any CPU
		{C8652A98-15B5-43B9-B653-A03E4903AA8E}.Debug|Any CPU.Build.0 = Debug|Any CPU
		{C8652A98-15B5-43B9-B653-A03E4903AA8E}.Release|Any CPU.ActiveCfg = Release|Any CPU
		{C8652A98-15B5-43B9-B653-A03E4903AA8E}.Release|Any CPU.Build.0 = Release|Any CPU
	EndGlobalSection
	GlobalSection(SolutionProperties) = preSolution
		HideSolutionNode = FALSE
	EndGlobalSection
	GlobalSection(ExtensibilityGlobals) = postSolution
		SolutionGuid = {D0B375D7-8638-4F55-B2AC-F23417146433}
	EndGlobalSection
EndGlobal
